
Microsoft Visual Studio Solution File, Format Version 12.00
# Visual Studio Version 16
VisualStudioVersion = 16.0.33529.622
MinimumVisualStudioVersion = 10.0.40219.1
Project("{FAE04EC0-301F-11D3-BF4B-00C04F79EFBC}") = "Leave_application", "Leave_application\Leave_application.csproj", "{C425022D-34A1-4F45-8BBD-1908F6CA158E}"
EndProject
Global
	GlobalSection(SolutionConfigurationPlatforms) = preSolution
		Debug|Any CPU = Debug|Any CPU
		Release|Any CPU = Release|Any CPU
	EndGlobalSection
	GlobalSection(ProjectConfigurationPlatforms) = postSolution
		{C425022D-34A1-4F45-8BBD-1908F6CA158E}.Debug|Any CPU.ActiveCfg = Debug|Any CPU
		{C425022D-34A1-4F45-8BBD-1908F6CA158E}.Debug|Any CPU.Build.0 = Debug|Any CPU
		{C425022D-34A1-4F45-8BBD-1908F6CA158E}.Release|Any CPU.ActiveCfg = Release|Any CPU
		{C425022D-34A1-4F45-8BBD-1908F6CA158E}.Release|Any CPU.Build.0 = Release|Any CPU
	EndGlobalSection
	GlobalSection(SolutionProperties) = preSolution
		HideSolutionNode = FALSE
	EndGlobalSection
	GlobalSection(ExtensibilityGlobals) = postSolution
		SolutionGuid = {E214658C-0D43-4E8C-A9DE-535B039F2F37}
	EndGlobalSection
EndGlobal
